# This file is autogenerated, do not edit; changes may be undone by the next 'dep ensure'.


[[projects]]
  digest = "1:d8ebbd207f3d3266d4423ce4860c9f3794956306ded6c7ba312ecc69cdfbf04c"
  name = "github.com/PuerkitoBio/purell"
  packages = ["."]
  pruneopts = "NUT"
  revision = "0bcb03f4b4d0a9428594752bd2a3b9aa0a9d4bd4"
  version = "v1.1.0"

[[projects]]
  branch = "master"
  digest = "1:8098cd40cd09879efbf12e33bcd51ead4a66006ac802cd563a66c4f3373b9727"
  name = "github.com/PuerkitoBio/urlesc"
  packages = ["."]
  pruneopts = "NUT"
  revision = "de5bf2ad457846296e2031421a34e2568e304e35"

[[projects]]
  digest = "1:5a23cd3a5496a0b2da7e3b348d14e77b11a210738c398200d7d6f04ea8cf3bd8"
  name = "github.com/asaskevich/govalidator"
  packages = ["."]
  pruneopts = "NUT"
  revision = "ccb8e960c48f04d6935e72476ae4a51028f9e22f"
  version = "v9"

[[projects]]
  digest = "1:ac471a68fc3f036a2c545e3523cff0d28e083cef3ba089f9a5689c1a84e92dd9"
  name = "github.com/banzaicloud/bank-vaults"
  packages = [
    "auth",
    "vault",
  ]
  pruneopts = "NUT"
  revision = "b8d2f4f60c03d0126cf5ff670cd61ed34aab8008"
  version = "0.2.26"

[[projects]]
  digest = "1:7764db672b50efaf949de67144e88d6d101ca4fe1cbab7511cca5eab2bcb7c30"
  name = "github.com/banzaicloud/cloudinfo"
  packages = [
    "pkg/cloudinfo-client/client",
    "pkg/cloudinfo-client/client/attributes",
    "pkg/cloudinfo-client/client/images",
    "pkg/cloudinfo-client/client/products",
    "pkg/cloudinfo-client/client/provider",
    "pkg/cloudinfo-client/client/providers",
    "pkg/cloudinfo-client/client/regions",
    "pkg/cloudinfo-client/client/service",
    "pkg/cloudinfo-client/client/services",
    "pkg/cloudinfo-client/client/versions",
    "pkg/cloudinfo-client/models",
    "pkg/logger",
  ]
  pruneopts = "NUT"
  revision = "0282b46170ed74b56493ee56da021769097f187c"
  version = "0.4.5"

[[projects]]
  branch = "master"
  digest = "1:17424ff1cfa4812069df3e4e60c9acc98bd4110ffd9a259d0fa9addba9b0f811"
  name = "github.com/banzaicloud/go-gin-prometheus"
  packages = ["."]
  pruneopts = "NUT"
  revision = "8145dbf524191ea7f59cff2224c0fab02e4aef9a"

[[projects]]
  branch = "master"
  digest = "1:707ebe952a8b3d00b343c01536c79c73771d100f63ec6babeaed5c79e2b8a8dd"
  name = "github.com/beorn7/perks"
  packages = ["quantile"]
  pruneopts = "NUT"
  revision = "3a771d992973f24aa725d07868b467d1ddfceafb"

[[projects]]
  digest = "1:a2c1d0e43bd3baaa071d1b9ed72c27d78169b2b269f71c105ac4ba34b1be4a39"
  name = "github.com/davecgh/go-spew"
  packages = ["spew"]
  pruneopts = "NUT"
  revision = "346938d642f2ec3594ed81d874461961cd0faa76"
  version = "v1.1.0"

[[projects]]
  digest = "1:2e08f767623936c719c07f52e1c89bb5d8597aac6b5fe669e6e851b92cebbe69"
  name = "github.com/dgrijalva/jwt-go"
  packages = [
    ".",
    "request",
  ]
  pruneopts = "NUT"
  revision = "06ea1031745cb8b3dab3f6a236daf2b0aa468b7e"
  version = "v3.2.0"

[[projects]]
  digest = "1:1b91ae0dc69a41d4c2ed23ea5cffb721ea63f5037ca4b81e6d6771fbb8f45129"
  name = "github.com/fsnotify/fsnotify"
  packages = ["."]
  pruneopts = "NUT"
  revision = "c2828203cd70a50dcccfb2761f8b1f8ceef9a8e9"
  version = "v1.4.7"

[[projects]]
  digest = "1:81466b4218bf6adddac2572a30ac733a9255919bc2f470b4827a317bd4ee1756"
  name = "github.com/ghodss/yaml"
  packages = ["."]
  pruneopts = "NUT"
  revision = "0ca9ea5df5451ffdf184b4428c902747c2c11cd7"
  version = "v1.0.0"

[[projects]]
  digest = "1:c29b6e3da58b2bde4deee12f4e815dc865ca525214e5b888f79535d1bb9f3a09"
  name = "github.com/gin-contrib/cors"
  packages = ["."]
  pruneopts = "NUT"
  revision = "cf4846e6a636a76237a28d9286f163c132e841bc"
  version = "v1.2"

[[projects]]
  branch = "master"
  digest = "1:23edf5aaca7a1f15d68215ac41595c0732152757e9d7b3f282821222784049f1"
  name = "github.com/gin-contrib/sse"
  packages = ["."]
  pruneopts = "NUT"
  revision = "22d885f9ecc78bf4ee5d72b937e4bbcdc58e8cae"

[[projects]]
  branch = "master"
  digest = "1:0599c076b123e7e57fa53f9a087c7f435ede0a4089350325f08b3ea8e9843044"
  name = "github.com/gin-gonic/gin"
  packages = [
    ".",
    "binding",
    "json",
    "render",
  ]
  pruneopts = "NUT"
  revision = "caf3e350a548af1add9def68087ac53d1d000caa"

[[projects]]
  branch = "master"
  digest = "1:562a31bfc757a1f710544c00176aa312993588d92505b9946373b46af19ac2a9"
  name = "github.com/go-openapi/analysis"
  packages = ["."]
  pruneopts = "NUT"
  revision = "5957818e100395077187fb7ef3b8a28227af06c6"

[[projects]]
  branch = "master"
  digest = "1:747665117585f3d9e2f6c7635aac0410570289139f9a52b3a514f0e8b93ea517"
  name = "github.com/go-openapi/errors"
  packages = ["."]
  pruneopts = "NUT"
  revision = "b2b2befaf267d082d779bcef52d682a47c779517"

[[projects]]
  branch = "master"
  digest = "1:260f7ebefc63024c8dfe2c9f1a2935a89fa4213637a1f522f592f80c001cc441"
  name = "github.com/go-openapi/jsonpointer"
  packages = ["."]
  pruneopts = "NUT"
  revision = "3a0015ad55fa9873f41605d3e8f28cd279c32ab2"

[[projects]]
  branch = "master"
  digest = "1:98abd61947ff5c7c6fcfec5473d02a4821ed3a2dd99a4fbfdb7925b0dd745546"
  name = "github.com/go-openapi/jsonreference"
  packages = ["."]
  pruneopts = "NUT"
  revision = "3fb327e6747da3043567ee86abd02bb6376b6be2"

[[projects]]
  branch = "master"
  digest = "1:cc4186672d13bce6e14f7b39c6f51b2f8c5126532a020ced03841e7175886651"
  name = "github.com/go-openapi/loads"
  packages = ["."]
  pruneopts = "NUT"
  revision = "2a2b323bab96e6b1fdee110e57d959322446e9c9"

[[projects]]
  branch = "master"
  digest = "1:0fb878600fb86b9c83c29711ded6e0d3314191ae5bfd981445b244904055bdc0"
  name = "github.com/go-openapi/runtime"
  packages = [
    ".",
    "client",
    "logger",
    "middleware",
    "middleware/denco",
    "middleware/header",
    "middleware/untyped",
    "security",
  ]
  pruneopts = "NUT"
  revision = "90c7afbb4bd8b22431e1c32d65caf405abf170c3"

[[projects]]
  branch = "master"
  digest = "1:e95b560c49fb849a61957a5fb3346ce23b3f67426e00e01179e5396cabc9a12c"
  name = "github.com/go-openapi/spec"
  packages = ["."]
  pruneopts = "NUT"
  revision = "bcff419492eeeb01f76e77d2ebc714dc97b607f5"

[[projects]]
  branch = "master"
  digest = "1:fdf7d5221a044940f0868ec655cee072ecca97d9cccd2522413731028c6086f8"
  name = "github.com/go-openapi/strfmt"
  packages = ["."]
  pruneopts = "NUT"
  revision = "481808443b00a14745fada967cb5eeff0f9b1df2"

[[projects]]
  branch = "master"
  digest = "1:a610c604eb06f0be4b0fc667388b7a221155d77d7f9089f70ac142a4a9daf014"
  name = "github.com/go-openapi/swag"
  packages = ["."]
  pruneopts = "NUT"
  revision = "811b1089cde9dad18d4d0c2d09fbdbf28dbd27a5"

[[projects]]
  branch = "master"
  digest = "1:12c6375ee13b931eb1e2e33b3a612f62a50bbd1e6181b6ef602da9d17683d2fc"
  name = "github.com/go-openapi/validate"
  packages = ["."]
  pruneopts = "NUT"
  revision = "b0a3ed684d0fdd3e1eda00433382188ce8aa7169"

[[projects]]
  digest = "1:1b3dd24f14a5280710fc7a3aa2480b6e4d20fdfc905841de9a3aa2aa2f1d4ee9"
  name = "github.com/gogo/protobuf"
  packages = [
    "proto",
    "sortkeys",
  ]
  pruneopts = "NUT"
  revision = "1adfc126b41513cc696b209667c8656ea7aac67c"
  version = "v1.0.0"

[[projects]]
  branch = "master"
  digest = "1:e2b86e41f3d669fc36b50d31d32d22c8ac656c75aa5ea89717ce7177e134ff2a"
  name = "github.com/golang/glog"
  packages = ["."]
  pruneopts = "NUT"
  revision = "23def4e6c14b4da8ac2ed8007337bc5eb5007998"

[[projects]]
  digest = "1:15042ad3498153684d09f393bbaec6b216c8eec6d61f63dff711de7d64ed8861"
  name = "github.com/golang/protobuf"
  packages = ["proto"]
  pruneopts = "NUT"
  revision = "b4deda0973fb4c70b50d226b1af49f3da59f5265"
  version = "v1.1.0"

[[projects]]
  branch = "master"
  digest = "1:7f114b78210bf5b75f307fc97cff293633c835bab1e0ea8a744a44b39c042dfe"
  name = "github.com/golang/snappy"
  packages = ["."]
  pruneopts = "NUT"
  revision = "2e65f85255dbc3072edf28d6b5b8efc472979f5a"

[[projects]]
  branch = "master"
  digest = "1:52c5834e2bebac9030c97cc0798ac11c3aa8a39f098aeb419f142533da6cd3cc"
  name = "github.com/google/gofuzz"
  packages = ["."]
  pruneopts = "NUT"
  revision = "24818f796faf91cd76ec7bddd72458fbced7a6c1"

[[projects]]
  digest = "1:6a1f6c5073bea8e07c136d1dbab56e06dff7daaf48261a4ba2b78f8921e45d66"
  name = "github.com/goph/emperror"
  packages = ["."]
  pruneopts = "NUT"
  revision = "9870ade6f413fe7fbddcb3eb8a735822deeef874"
  version = "v0.12.0"

[[projects]]
  digest = "1:4e771d1c6e15ca4516ad971c34205c822b5cff2747179679d7b321e4e1bfe431"
  name = "github.com/gosimple/slug"
  packages = ["."]
  pruneopts = "NUT"
  revision = "e9f42fa127660e552d0ad2b589868d403a9be7c6"
  version = "v1.1.1"

[[projects]]
  branch = "master"
  digest = "1:f0d9d74edbd40fdeada436d5ac9cb5197407899af3fef85ff0137077ffe8ae19"
  name = "github.com/hashicorp/errwrap"
  packages = ["."]
  pruneopts = "NUT"
  revision = "7554cd9344cec97297fa6649b055a8c98c2a1e55"

[[projects]]
  branch = "master"
  digest = "1:a5d940c38bf56f121721bfa747c66356df387cb9d5318c570c6d4170aab62862"
  name = "github.com/hashicorp/go-cleanhttp"
  packages = ["."]
  pruneopts = "NUT"
  revision = "d5fe4b57a186c716b0e00b8c301cbd9b4182694d"

[[projects]]
  branch = "master"
  digest = "1:4d55897d00e9b53c1c716e8fe504de3d21bec8edba0a330bfaa87902695e46e2"
  name = "github.com/hashicorp/go-multierror"
  packages = ["."]
  pruneopts = "NUT"
  revision = "b7773ae218740a7be65057fc60b366a49b538a44"

[[projects]]
  branch = "master"
  digest = "1:8eda8056e2dca8111a1d2f5534c3c64175775045a01498099abed93cf0498354"
  name = "github.com/hashicorp/go-retryablehttp"
  packages = ["."]
  pruneopts = "NUT"
  revision = "3b087ef2d313afe6c55b2f511d20db04ca767075"

[[projects]]
  branch = "master"
  digest = "1:cdb5ce76cd7af19e3d2d5ba9b6458a2ee804f0d376711215dd3df5f51100d423"
  name = "github.com/hashicorp/go-rootcerts"
  packages = ["."]
  pruneopts = "NUT"
  revision = "6bb64b370b90e7ef1fa532be9e591a81c3493e00"

[[projects]]
  branch = "master"
  digest = "1:ab128c55634eb166f6ab170896ac0f53979992250811071938d6bf2af7034690"
  name = "github.com/hashicorp/go-sockaddr"
  packages = ["."]
  pruneopts = "NUT"
  revision = "6d291a969b86c4b633730bfc6b8b9d64c3aafed9"

[[projects]]
  branch = "master"
  digest = "1:11c6c696067d3127ecf332b10f89394d386d9083f82baf71f40f2da31841a009"
  name = "github.com/hashicorp/hcl"
  packages = [
    ".",
    "hcl/ast",
    "hcl/parser",
    "hcl/printer",
    "hcl/scanner",
    "hcl/strconv",
    "hcl/token",
    "json/parser",
    "json/scanner",
    "json/token",
  ]
  pruneopts = "NUT"
  revision = "ef8a98b0bbce4a65b5aa4c368430a80ddc533168"

[[projects]]
  digest = "1:dbef1dda9aa352f3e62bcaa87be4e33d5e1736416aec983a7868d219249e919d"
  name = "github.com/hashicorp/vault"
  packages = [
    "api",
    "helper/compressutil",
    "helper/consts",
    "helper/hclutil",
    "helper/jsonutil",
    "helper/parseutil",
    "helper/strutil",
  ]
  pruneopts = "NUT"
  revision = "8575f8fedcf8f5a6eb2b4701cb527b99574b5286"
  version = "v0.11.1"

[[projects]]
  digest = "1:f87ded73ee4cfbe66b6ac54ae66768326b5df6bc0c165bae6c98abd33fea35cf"
  name = "github.com/jinzhu/gorm"
  packages = ["."]
  pruneopts = "NUT"
  revision = "6ed508ec6a4ecb3531899a69cbc746ccf65a4166"
  version = "v1.9.1"

[[projects]]
  branch = "master"
  digest = "1:802f75230c29108e787d40679f9bf5da1a5673eaf5c10eb89afd993e18972909"
  name = "github.com/jinzhu/inflection"
  packages = ["."]
  pruneopts = "NUT"
  revision = "04140366298a54a039076d798123ffa108fff46c"

[[projects]]
  branch = "master"
  digest = "1:0cb8471f8a819374d91bf2fe8ca1151ec39562a91ce0dd15e602c56c1fab7642"
  name = "github.com/jinzhu/now"
  packages = ["."]
  pruneopts = "NUT"
  revision = "ed742868f2aebdb1c0c437bf4f7257f88834b66f"

[[projects]]
  digest = "1:42c47ace7ccb114261ef7e0d418d274921514ab50a3bf6bdb9e51c3dde8ce13d"
  name = "github.com/json-iterator/go"
  packages = ["."]
  pruneopts = "NUT"
  revision = "ca39e5af3ece67bbcda3d0f4f56a8e24d9f2dad4"
  version = "1.1.3"

[[projects]]
  digest = "1:d244f8666a838fe6ad70ec8fe77f50ebc29fdc3331a2729ba5886bef8435d10d"
  name = "github.com/magiconair/properties"
  packages = ["."]
  pruneopts = "NUT"
  revision = "c2353362d570a7bfa228149c62842019201cfb71"
  version = "v1.8.0"

[[projects]]
  branch = "master"
  digest = "1:ada518b8c338e10e0afa443d84671476d3bd1d926e13713938088e8ddbee1a3e"
  name = "github.com/mailru/easyjson"
  packages = [
    "buffer",
    "jlexer",
    "jwriter",
  ]
  pruneopts = "NUT"
  revision = "3fdea8d05856a0c8df22ed4bc71b3219245e4485"

[[projects]]
  digest = "1:bc4f7eec3b7be8c6cb1f0af6c1e3333d5bb71072951aaaae2f05067b0803f287"
  name = "github.com/mattn/go-isatty"
  packages = ["."]
  pruneopts = "NUT"
  revision = "0360b2af4f38e8d38c7fce2a9f4e702702d73a39"
  version = "v0.0.3"

[[projects]]
  digest = "1:5985ef4caf91ece5d54817c11ea25f182697534f8ae6521eadcd628c142ac4b6"
  name = "github.com/matttproud/golang_protobuf_extensions"
  packages = ["pbutil"]
  pruneopts = "NUT"
  revision = "c12348ce28de40eed0136aa2b644d0ee0650e56c"
  version = "v1.0.1"

[[projects]]
  branch = "master"
  digest = "1:f2327a54da00453d0c78428959a0f820f1090884ac1b0000dec433cde14eda4c"
  name = "github.com/microcosm-cc/bluemonday"
  packages = ["."]
  pruneopts = "NUT"
  revision = "995366fdf961d03629cd17361bddd32745718e2c"

[[projects]]
  branch = "master"
  digest = "1:9db29b604bd78452d167abed82386ddd2f93973df3841896fb6ab8aff936f1d6"
  name = "github.com/mitchellh/go-homedir"
  packages = ["."]
  pruneopts = "NUT"
  revision = "3864e76763d94a6df2f9960b16a20a33da9f9a66"

[[projects]]
  branch = "master"
  digest = "1:ffbb5e45e7e69a915767cc2fcff99525645afdfefffee72c551940e4b055e538"
  name = "github.com/mitchellh/mapstructure"
  packages = ["."]
  pruneopts = "NUT"
  revision = "bb74f1db0675b241733089d5a1faa5dd8b0ef57b"

[[projects]]
  digest = "1:2f42fa12d6911c7b7659738758631bec870b7e9b4c6be5444f963cdcfccc191f"
  name = "github.com/modern-go/concurrent"
  packages = ["."]
  pruneopts = "NUT"
  revision = "bacd9c7ef1dd9b15be4a9909b8ac7a4e313eec94"
  version = "1.0.3"

[[projects]]
  digest = "1:314a5881fab303a80d6d2e35a77000f2224bb50f09ef63a9aa4c1f9eaef985d8"
  name = "github.com/modern-go/reflect2"
  packages = ["."]
  pruneopts = "NUT"
  revision = "1df9eeb2bb81f327b96228865c5687bc2194af3f"
  version = "1.0.0"

[[projects]]
  digest = "1:13b8f1a2ce177961dc9231606a52f709fab896c565f3988f60a7f6b4e543a902"
  name = "github.com/pelletier/go-toml"
  packages = ["."]
  pruneopts = "NUT"
  revision = "acdc4509485b587f5e675510c4f2c63e90ff68a8"
  version = "v1.1.0"

[[projects]]
  digest = "1:5cf3f025cbee5951a4ee961de067c8a89fc95a5adabead774f82822efabab121"
  name = "github.com/pkg/errors"
  packages = ["."]
  pruneopts = "NUT"
  revision = "645ef00459ed84a119197bfb8d8205042c6df63d"
  version = "v0.8.0"

[[projects]]
  digest = "1:0028cb19b2e4c3112225cd871870f2d9cf49b9b4276531f03438a88e94be86fe"
  name = "github.com/pmezard/go-difflib"
  packages = ["difflib"]
  pruneopts = "NUT"
  revision = "792786c7400a136282c1664665ae0a8db921c6c2"
  version = "v1.0.0"

[[projects]]
  digest = "1:167888737cd5a7d9cac6422e1216be91a687d5c6c752dfb88ba6879d179159e7"
  name = "github.com/prometheus/client_golang"
  packages = [
    "prometheus",
    "prometheus/promhttp",
  ]
  pruneopts = "NUT"
  revision = "967789050ba94deca04a5e84cce8ad472ce313c1"
  version = "v0.9.0-pre1"

[[projects]]
  branch = "master"
  digest = "1:2d5cd61daa5565187e1d96bae64dbbc6080dacf741448e9629c64fd93203b0d4"
  name = "github.com/prometheus/client_model"
  packages = ["go"]
  pruneopts = "NUT"
  revision = "5c3871d89910bfb32f5fcab2aa4b9ec68e65a99f"

[[projects]]
  branch = "master"
  digest = "1:768b555b86742de2f28beb37f1dedce9a75f91f871d75b5717c96399c1a78c08"
  name = "github.com/prometheus/common"
  packages = [
    "expfmt",
    "internal/bitbucket.org/ww/goautoneg",
    "model",
  ]
  pruneopts = "NUT"
  revision = "7600349dcfe1abd18d72d3a1770870d9800a7801"

[[projects]]
  branch = "master"
  digest = "1:6621142cd60b7150ab66f38ff36303ca55843dc5a635c1f9a28f95ecddab72b4"
  name = "github.com/prometheus/procfs"
  packages = [
    ".",
    "internal/util",
    "nfs",
    "xfs",
  ]
  pruneopts = "NUT"
  revision = "ae68e2d4c00fed4943b5f6698d504a5fe083da8a"

[[projects]]
  branch = "master"
  digest = "1:726e54ecab2de9218755103c5fbeed3dff9dd6a6ad0ee93189f0e06041465895"
  name = "github.com/qor/qor"
  packages = [
    ".",
    "utils",
  ]
  pruneopts = "NUT"
  revision = "f171bc73933e0fbcad81997e9c169f4e7d36f6ba"

[[projects]]
  branch = "master"
  digest = "1:16e2136a67ec44aa2d1d6b0fd65394b3c4a8b2a1b6730c77967f7b7b06b179b2"
  name = "github.com/rainycape/unidecode"
  packages = ["."]
  pruneopts = "NUT"
  revision = "cb7f23ec59bec0d61b19c56cd88cee3d0cc1870c"

[[projects]]
  digest = "1:cb24eec7a9478395847671abfbea162885f0be9c7ff6ef20b699dc20804ae1a4"
  name = "github.com/ryanuber/go-glob"
  packages = ["."]
  pruneopts = "NUT"
  revision = "572520ed46dbddaed19ea3d9541bdd0494163693"
  version = "v0.1"

[[projects]]
  digest = "1:6bc0652ea6e39e22ccd522458b8bdd8665bf23bdc5a20eec90056e4dc7e273ca"
  name = "github.com/satori/go.uuid"
  packages = ["."]
  pruneopts = "NUT"
  revision = "f58768cc1a7a7e77a3bd49e98cdd21419399b6a3"
  version = "v1.2.0"

[[projects]]
  digest = "1:6989062eb7ccf25cf38bf4fe3dba097ee209f896cda42cefdca3927047bef7b6"
  name = "github.com/sirupsen/logrus"
  packages = ["."]
  pruneopts = "NUT"
  revision = "c155da19408a8799da419ed3eeb0cb5db0ad5dbc"
  version = "v1.0.5"

[[projects]]
  digest = "1:35f36ea322654e3d0932e58ad26556998260b9fa9e691471f756d173684eac0a"
  name = "github.com/spf13/afero"
  packages = [
    ".",
    "mem",
  ]
  pruneopts = "NUT"
  revision = "63644898a8da0bc22138abf860edaf5277b6102e"
  version = "v1.1.0"

[[projects]]
  digest = "1:3fa7947ca83b98ae553590d993886e845a4bff19b7b007e869c6e0dd3b9da9cd"
  name = "github.com/spf13/cast"
  packages = ["."]
  pruneopts = "NUT"
  revision = "8965335b8c7107321228e3e3702cab9832751bac"
  version = "v1.2.0"

[[projects]]
  branch = "master"
  digest = "1:f29f83301ed096daed24a90f4af591b7560cb14b9cc3e1827abbf04db7269ab5"
  name = "github.com/spf13/jwalterweatherman"
  packages = ["."]
  pruneopts = "NUT"
  revision = "7c0cea34c8ece3fbeb2b27ab9b59511d360fb394"

[[projects]]
  digest = "1:15e5c398fbd9d2c439b635a08ac161b13d04f0c2aa587fe256b65dc0c3efe8b7"
  name = "github.com/spf13/pflag"
  packages = ["."]
  pruneopts = "NUT"
  revision = "583c0c0531f06d5278b7d917446061adc344b5cd"
  version = "v1.0.1"

[[projects]]
  digest = "1:ea67fb4941c0a1a92f828e73cf426533c71db02df45a2cdf55a14c3e7b74c07a"
  name = "github.com/spf13/viper"
  packages = ["."]
  pruneopts = "NUT"
  revision = "b5e8006cbee93ec955a89ab31e0e3ce3204f3736"
  version = "v1.0.2"

[[projects]]
  digest = "1:a852b1ad03ca063d2c57866d9f94dcb1cb2e111415c5902ce0586fc2d207221b"
  name = "github.com/stretchr/testify"
  packages = ["assert"]
  pruneopts = "NUT"
  revision = "12b6f73e6084dad08a7c6e575284b177ecafbc71"
  version = "v1.2.1"

[[projects]]
  branch = "master"
  digest = "1:9cbf36bc0e4e3d58f166964e8ab5231de6ebaae7b20969ba48d018d318efe1c8"
  name = "github.com/ugorji/go"
  packages = ["codec"]
  pruneopts = "NUT"
  revision = "0e0d6e869525973a9b36093f6ddc9d91b9fc2d71"

[[projects]]
  branch = "master"
  digest = "1:707ec3bb6ccc1cd330b8789467fa6cd8dad40f63fed028ba777a6c2ca13a9838"
  name = "golang.org/x/crypto"
  packages = ["ssh/terminal"]
  pruneopts = "NUT"
  revision = "94eea52f7b742c7cbe0b03b22f0c4c8631ece122"

[[projects]]
  branch = "master"
  digest = "1:0385a7e37d7c5dbbc427393163fec19142c3f074cd6bab86a63f3d4348ad5019"
  name = "golang.org/x/net"
  packages = [
    "context",
    "context/ctxhttp",
    "html",
    "html/atom",
    "http/httpguts",
    "http2",
    "http2/hpack",
    "idna",
  ]
  pruneopts = "NUT"
  revision = "1e491301e022f8f977054da4c2d852decd59571f"

[[projects]]
  branch = "master"
  digest = "1:16d25e518815ebd6b2c0927075a78025f0e6bab109d3ef706bebab03c0ba0ff6"
  name = "golang.org/x/sys"
  packages = [
    "unix",
    "windows",
  ]
  pruneopts = "NUT"
  revision = "d5840adf789d732bc8b00f37b26ca956a7cc8e79"

[[projects]]
  digest = "1:e33513a825fcd765e97b5de639a2f7547542d1a8245df0cef18e1fd390b778a9"
  name = "golang.org/x/text"
  packages = [
    "collate",
    "collate/build",
    "internal/colltab",
    "internal/gen",
    "internal/tag",
    "internal/triegen",
    "internal/ucd",
    "language",
    "secure/bidirule",
    "transform",
    "unicode/bidi",
    "unicode/cldr",
    "unicode/norm",
    "unicode/rangetable",
    "width",
  ]
  pruneopts = "NUT"
  revision = "f21a4dfb5e38f5895301dc265a8def02365cc3d0"
  version = "v0.3.0"

[[projects]]
  branch = "master"
  digest = "1:c9e7a4b4d47c0ed205d257648b0e5b0440880cb728506e318f8ac7cd36270bc4"
  name = "golang.org/x/time"
  packages = ["rate"]
  pruneopts = "NUT"
  revision = "fbb02b2291d28baffd63558aa44b4b56f178d650"

[[projects]]
  digest = "1:0215407129c5f116ae8f6d3af64df59c39d3f606a72ef77a1e6ed874f92a8d9c"
  name = "gopkg.in/go-playground/validator.v8"
  packages = ["."]
  pruneopts = "NUT"
  revision = "5f1438d3fca68893a817e4a66806cea46a9e4ebf"
  version = "v8.18.2"

[[projects]]
  digest = "1:2d1fbdc6777e5408cabeb02bf336305e724b925ff4546ded0fa8715a7267922a"
  name = "gopkg.in/inf.v0"
  packages = ["."]
  pruneopts = "NUT"
  revision = "d2d2541c53f18d2a059457998ce2876cc8e67cbf"
  version = "v0.9.1"

[[projects]]
  branch = "v2"
  digest = "1:9e8ac8aa4f4c5557ba0b03a55d407b07b7030ed552b437a9dc7e5ec90f16ab39"
  name = "gopkg.in/mgo.v2"
  packages = [
    "bson",
    "internal/json",
  ]
  pruneopts = "NUT"
  revision = "3f83fa5005286a7fe593b055f0d7771a7dce4655"

[[projects]]
  branch = "v2"
  digest = "1:8c53ce78f10de538c37a5fb33148f81ce068a0b25bec08d8521212e0c0b5f7bd"
  name = "gopkg.in/yaml.v2"
  packages = ["."]
  pruneopts = "NUT"
  revision = "287cf08546ab5e7e37d55a84f7ed3fd1db036de5"

[[projects]]
  branch = "master"
  digest = "1:6715cf6883195823e336217325df3f00efb2f262dc7377ebf230136813052c3c"
  name = "k8s.io/api"
  packages = ["core/v1"]
  pruneopts = "NUT"
  revision = "dfbe372d78e128997843fc584fbdc7029b298242"

[[projects]]
  branch = "master"
  digest = "1:fc7610d89f3d43f105b79797a05317773540a4f944e87277680181ac7d231327"
  name = "k8s.io/apimachinery"
  packages = [
    "pkg/api/errors",
    "pkg/api/resource",
    "pkg/apis/meta/v1",
    "pkg/apis/meta/v1/unstructured",
    "pkg/conversion",
    "pkg/conversion/queryparams",
    "pkg/fields",
    "pkg/labels",
    "pkg/runtime",
    "pkg/runtime/schema",
    "pkg/runtime/serializer",
    "pkg/runtime/serializer/json",
    "pkg/runtime/serializer/protobuf",
    "pkg/runtime/serializer/recognizer",
    "pkg/runtime/serializer/streaming",
    "pkg/runtime/serializer/versioning",
    "pkg/selection",
    "pkg/types",
    "pkg/util/clock",
    "pkg/util/errors",
    "pkg/util/framer",
    "pkg/util/intstr",
    "pkg/util/json",
    "pkg/util/net",
    "pkg/util/runtime",
    "pkg/util/sets",
    "pkg/util/validation",
    "pkg/util/validation/field",
    "pkg/util/wait",
    "pkg/util/yaml",
    "pkg/version",
    "pkg/watch",
    "third_party/forked/golang/reflect",
  ]
  pruneopts = "NUT"
  revision = "95fc0dd6dd9c7229d2c5c8ae9676963564540b7c"

[[projects]]
  digest = "1:1bd3e27cf358f9233d892a32b571ee7a765419ddfe4f26cc47343ea6fcae3aa9"
  name = "k8s.io/client-go"
  packages = [
    "pkg/apis/clientauthentication",
    "pkg/apis/clientauthentication/v1alpha1",
    "pkg/version",
    "plugin/pkg/client/auth/exec",
    "rest",
    "rest/watch",
    "tools/clientcmd/api",
    "tools/metrics",
    "transport",
    "util/cert",
    "util/flowcontrol",
    "util/integer",
  ]
  pruneopts = "NUT"
  revision = "23781f4d6632d88e869066eaebb743857aa1ef9b"
  version = "v7.0.0"

[solve-meta]
  analyzer-name = "dep"
  analyzer-version = 1
  input-imports = [
    "github.com/banzaicloud/bank-vaults/auth",
    "github.com/banzaicloud/cloudinfo/pkg/cloudinfo-client/client",
    "github.com/banzaicloud/cloudinfo/pkg/cloudinfo-client/client/attributes",
    "github.com/banzaicloud/cloudinfo/pkg/cloudinfo-client/client/products",
    "github.com/banzaicloud/cloudinfo/pkg/cloudinfo-client/client/providers",
    "github.com/banzaicloud/cloudinfo/pkg/cloudinfo-client/client/regions",
    "github.com/banzaicloud/cloudinfo/pkg/cloudinfo-client/client/service",
    "github.com/banzaicloud/cloudinfo/pkg/cloudinfo-client/models",
    "github.com/banzaicloud/cloudinfo/pkg/logger",
    "github.com/banzaicloud/go-gin-prometheus",
    "github.com/gin-contrib/cors",
    "github.com/gin-gonic/gin",
    "github.com/gin-gonic/gin/binding",
    "github.com/go-openapi/runtime/client",
    "github.com/go-openapi/strfmt",
    "github.com/goph/emperror",
    "github.com/mitchellh/mapstructure",
    "github.com/pkg/errors",
    "github.com/spf13/pflag",
    "github.com/spf13/viper",
    "github.com/stretchr/testify/assert",
    "gopkg.in/go-playground/validator.v8",
  ]
  solver-name = "gps-cdcl"
  solver-version = 1
